
Microsoft Visual Studio Solution File, Format Version 12.00
# Visual Studio Version 17
VisualStudioVersion = 17.7.34009.444
MinimumVisualStudioVersion = 10.0.40219.1
Project("{FAE04EC0-301F-11D3-BF4B-00C04F79EFBC}") = "Lesson 13 - Foreach and Multidimensional Arrays", "Lesson 13 - Foreach and Multidimensional Arrays.csproj", "{13001A90-468A-4556-B6DB-93BA98B9F2A9}"
EndProject
Project("{FAE04EC0-301F-11D3-BF4B-00C04F79EFBC}") = "L13 - Testing", "..\L13 - Testing\L13 - Testing.csproj", "{F8396AA9-750A-41DB-8CBD-553F5060B074}"
EndProject
Global
	GlobalSection(SolutionConfigurationPlatforms) = preSolution
		Debug|Any CPU = Debug|Any CPU
		Release|Any CPU = Release|Any CPU
	EndGlobalSection
	GlobalSection(ProjectConfigurationPlatforms) = postSolution
		{13001A90-468A-4556-B6DB-93BA98B9F2A9}.Debug|Any CPU.ActiveCfg = Debug|Any CPU
		{13001A90-468A-4556-B6DB-93BA98B9F2A9}.Debug|Any CPU.Build.0 = Debug|Any CPU
		{13001A90-468A-4556-B6DB-93BA98B9F2A9}.Release|Any CPU.ActiveCfg = Release|Any CPU
		{13001A90-468A-4556-B6DB-93BA98B9F2A9}.Release|Any CPU.Build.0 = Release|Any CPU
		{F8396AA9-750A-41DB-8CBD-553F5060B074}.Debug|Any CPU.ActiveCfg = Debug|Any CPU
		{F8396AA9-750A-41DB-8CBD-553F5060B074}.Debug|Any CPU.Build.0 = Debug|Any CPU
		{F8396AA9-750A-41DB-8CBD-553F5060B074}.Release|Any CPU.ActiveCfg = Release|Any CPU
		{F8396AA9-750A-41DB-8CBD-553F5060B074}.Release|Any CPU.Build.0 = Release|Any CPU
	EndGlobalSection
	GlobalSection(SolutionProperties) = preSolution
		HideSolutionNode = FALSE
	EndGlobalSection
	GlobalSection(ExtensibilityGlobals) = postSolution
		SolutionGuid = {8B44A44E-AB3B-4FE5-BFAA-F78CAF198B9D}
	EndGlobalSection
EndGlobal
